
Microsoft Visual Studio Solution File, Format Version 12.00
# Visual Studio 15
VisualStudioVersion = 15.0.28307.539
MinimumVisualStudioVersion = 10.0.40219.1
Project("{9A19103F-16F7-4668-BE54-9A1E7A4F7556}") = "SportsStore", "SportsStore\SportsStore.csproj", "{2286AD6B-FC7F-4D56-9F5A-8EF18F220697}"
EndProject
Project("{9A19103F-16F7-4668-BE54-9A1E7A4F7556}") = "SportsStore.Tests", "SportsStore.Tests\SportsStore.Tests.csproj", "{494E163E-9E5C-4157-A53D-1E4FA503F5E6}"
EndProject
Global
	GlobalSection(SolutionConfigurationPlatforms) = preSolution
		Debug|Any CPU = Debug|Any CPU
		Release|Any CPU = Release|Any CPU
	EndGlobalSection
	GlobalSection(ProjectConfigurationPlatforms) = postSolution
		{2286AD6B-FC7F-4D56-9F5A-8EF18F220697}.Debug|Any CPU.ActiveCfg = Debug|Any CPU
		{2286AD6B-FC7F-4D56-9F5A-8EF18F220697}.Debug|Any CPU.Build.0 = Debug|Any CPU
		{2286AD6B-FC7F-4D56-9F5A-8EF18F220697}.Release|Any CPU.ActiveCfg = Release|Any CPU
		{2286AD6B-FC7F-4D56-9F5A-8EF18F220697}.Release|Any CPU.Build.0 = Release|Any CPU
		{494E163E-9E5C-4157-A53D-1E4FA503F5E6}.Debug|Any CPU.ActiveCfg = Debug|Any CPU
		{494E163E-9E5C-4157-A53D-1E4FA503F5E6}.Debug|Any CPU.Build.0 = Debug|Any CPU
		{494E163E-9E5C-4157-A53D-1E4FA503F5E6}.Release|Any CPU.ActiveCfg = Release|Any CPU
		{494E163E-9E5C-4157-A53D-1E4FA503F5E6}.Release|Any CPU.Build.0 = Release|Any CPU
	EndGlobalSection
	GlobalSection(SolutionProperties) = preSolution
		HideSolutionNode = FALSE
	EndGlobalSection
	GlobalSection(ExtensibilityGlobals) = postSolution
		SolutionGuid = {4AFC5FE1-F14E-4A70-B995-BD27259157CD}
	EndGlobalSection
EndGlobal
